
Microsoft Visual Studio Solution File, Format Version 12.00
# Visual Studio Version 17
VisualStudioVersion = 17.1.32210.238
MinimumVisualStudioVersion = 10.0.40219.1
Project("{FAE04EC0-301F-11D3-BF4B-00C04F79EFBC}") = "TapDeploy", "TapDeploy\TapDeploy.csproj", "{943690F3-8E26-4D9F-8960-15E05DBFBB8E}"
EndProject
Global
	GlobalSection(SolutionConfigurationPlatforms) = preSolution
		Debug|Any CPU = Debug|Any CPU
		Release|Any CPU = Release|Any CPU
	EndGlobalSection
	GlobalSection(ProjectConfigurationPlatforms) = postSolution
		{943690F3-8E26-4D9F-8960-15E05DBFBB8E}.Debug|Any CPU.ActiveCfg = Debug|Any CPU
		{943690F3-8E26-4D9F-8960-15E05DBFBB8E}.Debug|Any CPU.Build.0 = Debug|Any CPU
		{943690F3-8E26-4D9F-8960-15E05DBFBB8E}.Release|Any CPU.ActiveCfg = Release|Any CPU
		{943690F3-8E26-4D9F-8960-15E05DBFBB8E}.Release|Any CPU.Build.0 = Release|Any CPU
	EndGlobalSection
	GlobalSection(SolutionProperties) = preSolution
		HideSolutionNode = FALSE
	EndGlobalSection
	GlobalSection(ExtensibilityGlobals) = postSolution
		SolutionGuid = {CF21FD6E-BA88-474A-A7C9-4A0B67EE70E4}
	EndGlobalSection
EndGlobal
